{
    "_meta": {
        "hash": {
            "sha256": "b8b855a1fd66d20cde25ef0d0e16e628a1bac4b9ead1877c772e2153cdb38a5e"
        },
        "pipfile-spec": 6,
        "requires": {
            "python_version": "3.8"
        },
        "sources": [
            {
                "name": "pypi",
                "url": "https://pypi.python.org/simple",
                "verify_ssl": true
            }
        ]
    },
    "default": {
        "django-widget-tweaks": {
            "hashes": [
                "sha256:19bcb66a4a9e68493ced04e7124882d753c5be517ed001556f9e35a40147f545",
                "sha256:d6c64fbf92cd2df9031f597c1374982233c05a1190d295c39d1c57ce007569c7"
            ],
            "index": "pypi",
            "version": "==1.4.9"
        }
    },
    "develop": {}
}
